
Microsoft Visual Studio Solution File, Format Version 12.00
# Visual Studio Version 16
VisualStudioVersion = 16.0.31313.79
MinimumVisualStudioVersion = 10.0.40219.1
Project("{9A19103F-16F7-4668-BE54-9A1E7A4F7556}") = "Yatzysheet", "Yatzysheet.csproj", "{67FACC29-B189-4A76-B39B-8FF3D5F6893B}"
EndProject
Global
	GlobalSection(SolutionConfigurationPlatforms) = preSolution
		Debug|Any CPU = Debug|Any CPU
		Release|Any CPU = Release|Any CPU
	EndGlobalSection
	GlobalSection(ProjectConfigurationPlatforms) = postSolution
		{67FACC29-B189-4A76-B39B-8FF3D5F6893B}.Debug|Any CPU.ActiveCfg = Debug|Any CPU
		{67FACC29-B189-4A76-B39B-8FF3D5F6893B}.Debug|Any CPU.Build.0 = Debug|Any CPU
		{67FACC29-B189-4A76-B39B-8FF3D5F6893B}.Release|Any CPU.ActiveCfg = Release|Any CPU
		{67FACC29-B189-4A76-B39B-8FF3D5F6893B}.Release|Any CPU.Build.0 = Release|Any CPU
	EndGlobalSection
	GlobalSection(SolutionProperties) = preSolution
		HideSolutionNode = FALSE
	EndGlobalSection
	GlobalSection(ExtensibilityGlobals) = postSolution
		SolutionGuid = {689631F0-225B-4E65-92BB-8EE1189EE481}
	EndGlobalSection
EndGlobal
